{"format_version":"1.0","provider_schemas":{"registry.terraform.io/temporalio/temporalcloud":{"provider":{"version":0,"block":{"attributes":{"allow_insecure":{"type":"bool","description":"If set to True, it allows for an insecure connection to the Temporal Cloud API. This should never be set to 'true' in production and defaults to false.","description_kind":"plain","optional":true},"allowed_account_id":{"type":"string","description":"The ID of the account to operate on. Prevents accidental mutation of accounts other than that provided.","description_kind":"plain","optional":true},"api_key":{"type":"string","description":"The API key for Temporal Cloud. See [this documentation](https://docs.temporal.io/cloud/api-keys) for information on how to obtain an API key.","description_kind":"markdown","optional":true,"sensitive":true},"endpoint":{"type":"string","description":"The endpoint for the Temporal Cloud API. Defaults to `saas-api.tmprl.cloud:443`.","description_kind":"plain","optional":true}},"description":"Use the `temporalcloud` provider to interact with resources supported by [Temporal Cloud](https://temporal.io/cloud).\n\nUse the navigation to the left to learn about the available resources supported by this provider.\n\n## Provider Configuration\n\nCredentials for Temporal Cloud can be provided by adding an `api_key` property or by setting the environment variable `TEMPORAL_CLOUD_API_KEY`.\nYou can generate an API key for Temporal Cloud by following [these instructions](https://docs.temporal.io/cloud/api-keys).\n\n!\u003e Hard-coded credentials are not recommended in any Terraform configuration and should not be committed\nin version control. We recommend passing credentials to this provider via environment variables.\n\n\n","description_kind":"markdown"}},"resource_schemas":{"temporalcloud_account_audit_log_sink":{"version":0,"block":{"attributes":{"enabled":{"type":"bool","description":"A flag indicating whether the audit log sink is enabled or not.","description_kind":"plain","optional":true,"computed":true},"id":{"type":"string","description":"The unique identifier of the account audit log sink.","description_kind":"plain","computed":true},"kinesis":{"nested_type":{"attributes":{"destination_uri":{"type":"string","description":"The destination URI of the Kinesis stream where Temporal will send data.","description_kind":"plain","required":true},"region":{"type":"string","description":"The region of the Kinesis stream.","description_kind":"plain","required":true},"role_name":{"type":"string","description":"The IAM role that Temporal Cloud assumes for writing records to the customer's Kinesis stream.","description_kind":"plain","required":true}},"nesting_mode":"single"},"description":"The Kinesis configuration details when destination_type is Kinesis.","description_kind":"plain","optional":true},"pubsub":{"nested_type":{"attributes":{"gcp_project_id":{"type":"string","description":"The GCP project ID of the PubSub topic and service account.","description_kind":"plain","optional":true,"computed":true},"service_account_email":{"type":"string","description":"The service account email associated with the PubSub topic and service account.","description_kind":"plain","optional":true,"computed":true},"service_account_id":{"type":"string","description":"The customer service account ID that Temporal Cloud impersonates for writing records to the customer's PubSub topic.","description_kind":"plain","optional":true,"computed":true},"topic_name":{"type":"string","description":"The destination PubSub topic name for Temporal.","description_kind":"plain","required":true}},"nesting_mode":"single"},"description":"The PubSub configuration details when destination_type is PubSub.","description_kind":"plain","optional":true},"sink_name":{"type":"string","description":"The unique name of the audit log sink, it can't be changed once set.","description_kind":"plain","required":true}},"block_types":{"timeouts":{"nesting_mode":"single","block":{"attributes":{"create":{"type":"string","description":"A string that can be [parsed as a duration](https://pkg.go.dev/time#ParseDuration) consisting of numbers and unit suffixes, such as \"30s\" or \"2h45m\". Valid time units are \"s\" (seconds), \"m\" (minutes), \"h\" (hours).","description_kind":"plain","optional":true},"delete":{"type":"string","description":"A string that can be [parsed as a duration](https://pkg.go.dev/time#ParseDuration) consisting of numbers and unit suffixes, such as \"30s\" or \"2h45m\". Valid time units are \"s\" (seconds), \"m\" (minutes), \"h\" (hours). Setting a timeout for a Delete operation is only applicable if changes are saved into state before the destroy operation occurs.","description_kind":"plain","optional":true}},"description_kind":"plain"}}},"description":"Provisions an account audit log sink.","description_kind":"plain"}},"temporalcloud_apikey":{"version":0,"block":{"attributes":{"description":{"type":"string","description":"The description for the API key.","description_kind":"plain","optional":true},"disabled":{"type":"bool","description":"Whether the API key is disabled.","description_kind":"plain","optional":true,"computed":true},"display_name":{"type":"string","description":"The display name for the API key.","description_kind":"plain","required":true},"expiry_time":{"type":"string","description":"The expiry time for the API key in ISO 8601 format.","description_kind":"plain","required":true},"id":{"type":"string","description":"The unique identifier of the API key.","description_kind":"plain","computed":true},"owner_id":{"type":"string","description":"The ID of the owner to create the API key for.","description_kind":"plain","required":true},"owner_type":{"type":"string","description":"The type of the owner to create the API key.","description_kind":"plain","required":true},"state":{"type":"string","description":"The current state of the API key.","description_kind":"plain","computed":true},"token":{"type":"string","description":"The token for the API key. This field is populated with the full key when creating an API key. To retrieve the value of this field, use an output.tf file and follow Terraform's guidance on working with sensitive fields.","description_kind":"plain","computed":true,"sensitive":true}},"block_types":{"timeouts":{"nesting_mode":"single","block":{"attributes":{"create":{"type":"string","description":"A string that can be [parsed as a duration](https://pkg.go.dev/time#ParseDuration) consisting of numbers and unit suffixes, such as \"30s\" or \"2h45m\". Valid time units are \"s\" (seconds), \"m\" (minutes), \"h\" (hours).","description_kind":"plain","optional":true},"delete":{"type":"string","description":"A string that can be [parsed as a duration](https://pkg.go.dev/time#ParseDuration) consisting of numbers and unit suffixes, such as \"30s\" or \"2h45m\". Valid time units are \"s\" (seconds), \"m\" (minutes), \"h\" (hours). Setting a timeout for a Delete operation is only applicable if changes are saved into state before the destroy operation occurs.","description_kind":"plain","optional":true}},"description_kind":"plain"}}},"description":"Provisions a Temporal Cloud API key.","description_kind":"plain"}},"temporalcloud_connectivity_rule":{"version":0,"block":{"attributes":{"connection_id":{"type":"string","description":"The connection ID of the private connection.","description_kind":"plain","optional":true},"connectivity_type":{"type":"string","description":"The type of connectivity. Must be one of 'public' or 'private'.","description_kind":"plain","required":true},"enable_stable_ips":{"type":"bool","description":"If true, namespaces attached to this public connectivity rule will be reachable via a predictable set of public IPs. Only applies when connectivity_type is 'public'.","description_kind":"plain","optional":true,"computed":true},"gcp_project_id":{"type":"string","description":"The GCP project ID. Required when cloud_provider is 'gcp'.","description_kind":"plain","optional":true},"id":{"type":"string","description":"The unique identifier of the Connectivity Rule.","description_kind":"plain","computed":true},"region":{"type":"string","description":"The region of the connection. Example: 'aws-us-west-2'.","description_kind":"plain","optional":true}},"block_types":{"timeouts":{"nesting_mode":"single","block":{"attributes":{"create":{"type":"string","description":"A string that can be [parsed as a duration](https://pkg.go.dev/time#ParseDuration) consisting of numbers and unit suffixes, such as \"30s\" or \"2h45m\". Valid time units are \"s\" (seconds), \"m\" (minutes), \"h\" (hours).","description_kind":"plain","optional":true},"delete":{"type":"string","description":"A string that can be [parsed as a duration](https://pkg.go.dev/time#ParseDuration) consisting of numbers and unit suffixes, such as \"30s\" or \"2h45m\". Valid time units are \"s\" (seconds), \"m\" (minutes), \"h\" (hours). Setting a timeout for a Delete operation is only applicable if changes are saved into state before the destroy operation occurs.","description_kind":"plain","optional":true}},"description_kind":"plain"}}},"description":"Provisions a Temporal Cloud Connectivity Rule.","description_kind":"plain"}},"temporalcloud_custom_role":{"version":0,"block":{"attributes":{"description":{"type":"string","description":"The description of the custom role.","description_kind":"plain","optional":true,"computed":true},"id":{"type":"string","description":"The unique identifier of the custom role.","description_kind":"plain","computed":true},"name":{"type":"string","description":"The name of the custom role.","description_kind":"plain","required":true},"permissions":{"nested_type":{"attributes":{"actions":{"type":["set","string"],"description":"The actions allowed by this permission.","description_kind":"plain","required":true},"resources":{"nested_type":{"attributes":{"allow_all":{"type":"bool","description":"Whether this permission applies to all resources of the given type. If true, resource_ids must be empty.","description_kind":"plain","optional":true,"computed":true},"resource_ids":{"type":["set","string"],"description":"The resource IDs this permission applies to. If empty, allow_all must be true.","description_kind":"plain","required":true},"resource_type":{"type":"string","description":"The resource type this permission applies to.","description_kind":"plain","required":true}},"nesting_mode":"single"},"description":"The resources this permission applies to.","description_kind":"plain","required":true}},"nesting_mode":"list"},"description":"The permissions assigned to the custom role.","description_kind":"plain","required":true},"state":{"type":"string","description":"The current state of the custom role.","description_kind":"plain","computed":true}},"block_types":{"timeouts":{"nesting_mode":"single","block":{"attributes":{"create":{"type":"string","description":"A string that can be [parsed as a duration](https://pkg.go.dev/time#ParseDuration) consisting of numbers and unit suffixes, such as \"30s\" or \"2h45m\". Valid time units are \"s\" (seconds), \"m\" (minutes), \"h\" (hours).","description_kind":"plain","optional":true},"delete":{"type":"string","description":"A string that can be [parsed as a duration](https://pkg.go.dev/time#ParseDuration) consisting of numbers and unit suffixes, such as \"30s\" or \"2h45m\". Valid time units are \"s\" (seconds), \"m\" (minutes), \"h\" (hours). Setting a timeout for a Delete operation is only applicable if changes are saved into state before the destroy operation occurs.","description_kind":"plain","optional":true},"update":{"type":"string","description":"A string that can be [parsed as a duration](https://pkg.go.dev/time#ParseDuration) consisting of numbers and unit suffixes, such as \"30s\" or \"2h45m\". Valid time units are \"s\" (seconds), \"m\" (minutes), \"h\" (hours).","description_kind":"plain","optional":true}},"description_kind":"plain"}}},"description":"Provisions a Temporal Cloud custom role.","description_kind":"plain"}},"temporalcloud_group":{"version":0,"block":{"attributes":{"id":{"type":"string","description":"The unique identifier of the group.","description_kind":"plain","computed":true},"name":{"type":"string","description":"The name of the group","description_kind":"plain","required":true},"state":{"type":"string","description":"The current state of the group.","description_kind":"plain","computed":true}},"block_types":{"timeouts":{"nesting_mode":"single","block":{"attributes":{"create":{"type":"string","description":"A string that can be [parsed as a duration](https://pkg.go.dev/time#ParseDuration) consisting of numbers and unit suffixes, such as \"30s\" or \"2h45m\". Valid time units are \"s\" (seconds), \"m\" (minutes), \"h\" (hours).","description_kind":"plain","optional":true},"delete":{"type":"string","description":"A string that can be [parsed as a duration](https://pkg.go.dev/time#ParseDuration) consisting of numbers and unit suffixes, such as \"30s\" or \"2h45m\". Valid time units are \"s\" (seconds), \"m\" (minutes), \"h\" (hours). Setting a timeout for a Delete operation is only applicable if changes are saved into state before the destroy operation occurs.","description_kind":"plain","optional":true}},"description_kind":"plain"}}},"description":"Provisions a Temporal Cloud User Group.","description_kind":"plain"}},"temporalcloud_group_access":{"version":0,"block":{"attributes":{"account_access":{"type":"string","description":"The role on the account. Must be one of owner, admin, developer, none, or read (case-insensitive). owner is only valid for import and cannot be created, updated or deleted without Temporal support. none is only valid for users managed via SCIM that derive their roles from group memberships or for group access resources.","description_kind":"plain","required":true},"account_access_custom_roles":{"type":["set","string"],"description":"The set of custom role IDs assigned within account_access in addition to the built-in account_access role. Empty sets are not allowed, omit the attribute instead.","description_kind":"plain","optional":true},"id":{"type":"string","description":"The unique identifier of the group access across all Temporal Cloud tenants.","description_kind":"plain","required":true},"namespace_accesses":{"nested_type":{"attributes":{"namespace_id":{"type":"string","description":"The namespace to assign permissions to.","description_kind":"plain","required":true},"permission":{"type":"string","description":"The permission to assign. Must be one of admin, write, or read (case-insensitive)","description_kind":"plain","required":true}},"nesting_mode":"set"},"description":"The set of namespace accesses. Empty sets are not allowed, omit the attribute instead. Users with account_access roles of owner or admin cannot be assigned explicit permissions to namespaces. They implicitly receive access to all Namespaces.","description_kind":"plain","optional":true}},"description":"Provisions Temporal Cloud group access.","description_kind":"plain"}},"temporalcloud_group_members":{"version":0,"block":{"attributes":{"group_id":{"type":"string","description":"The Group ID to set the members for.","description_kind":"plain","required":true},"id":{"type":"string","description":"The unique identifier of the group.","description_kind":"plain","computed":true},"users":{"type":["set","string"],"description":"The users to add to the group.","description_kind":"plain","required":true}},"block_types":{"timeouts":{"nesting_mode":"single","block":{"attributes":{"create":{"type":"string","description":"A string that can be [parsed as a duration](https://pkg.go.dev/time#ParseDuration) consisting of numbers and unit suffixes, such as \"30s\" or \"2h45m\". Valid time units are \"s\" (seconds), \"m\" (minutes), \"h\" (hours).","description_kind":"plain","optional":true},"delete":{"type":"string","description":"A string that can be [parsed as a duration](https://pkg.go.dev/time#ParseDuration) consisting of numbers and unit suffixes, such as \"30s\" or \"2h45m\". Valid time units are \"s\" (seconds), \"m\" (minutes), \"h\" (hours). Setting a timeout for a Delete operation is only applicable if changes are saved into state before the destroy operation occurs.","description_kind":"plain","optional":true}},"description_kind":"plain"}}},"description":"Sets Group Membership for the provided Group ID. Only use one per group.","description_kind":"plain"}},"temporalcloud_metrics_endpoint":{"version":0,"block":{"attributes":{"accepted_client_ca":{"type":"string","description":"The Base64-encoded CA cert in PEM format used to authenticate clients connecting to the metrics endpoint.","description_kind":"plain","required":true},"id":{"type":"string","description":"A unique identifier for the account's metrics configuration. Always `account-ACCOUNT_ID-metrics`.","description_kind":"plain","computed":true},"uri":{"type":"string","description":"The Prometheus metrics endpoint URI","description_kind":"plain","computed":true}},"block_types":{"timeouts":{"nesting_mode":"single","block":{"attributes":{"create":{"type":"string","description":"A string that can be [parsed as a duration](https://pkg.go.dev/time#ParseDuration) consisting of numbers and unit suffixes, such as \"30s\" or \"2h45m\". Valid time units are \"s\" (seconds), \"m\" (minutes), \"h\" (hours).","description_kind":"plain","optional":true},"delete":{"type":"string","description":"A string that can be [parsed as a duration](https://pkg.go.dev/time#ParseDuration) consisting of numbers and unit suffixes, such as \"30s\" or \"2h45m\". Valid time units are \"s\" (seconds), \"m\" (minutes), \"h\" (hours). Setting a timeout for a Delete operation is only applicable if changes are saved into state before the destroy operation occurs.","description_kind":"plain","optional":true},"update":{"type":"string","description":"A string that can be [parsed as a duration](https://pkg.go.dev/time#ParseDuration) consisting of numbers and unit suffixes, such as \"30s\" or \"2h45m\". Valid time units are \"s\" (seconds), \"m\" (minutes), \"h\" (hours).","description_kind":"plain","optional":true}},"description_kind":"plain"}}},"description":"Configures a Temporal Cloud account's metrics endpoint for the PromQL query API.\n\n!\u003e **Deprecated.** The PromQL metrics endpoint was deprecated on April 2, 2026 and is no longer accepting new users. It will be disabled on October 5, 2026. Migrate to the [OpenMetrics endpoint](https://docs.temporal.io/cloud/metrics/openmetrics/migration-guide) instead. See the [`temporalcloud_service_account`](https://registry.terraform.io/providers/temporalio/temporalcloud/latest/docs/resources/service_account) resource for an example of setting up OpenMetrics with Terraform.","description_kind":"markdown"}},"temporalcloud_namespace":{"version":0,"block":{"attributes":{"accepted_client_ca":{"type":"string","description":"The Base64-encoded CA cert in PEM format that clients use when authenticating with Temporal Cloud. This is a required field when a Namespace uses mTLS authentication.","description_kind":"plain","optional":true},"api_key_auth":{"type":"bool","description":"If true, Temporal Cloud will enable API key authentication for this namespace.","description_kind":"plain","optional":true,"computed":true},"capacity":{"nested_type":{"attributes":{"mode":{"type":"string","description":"The mode of the capacity configuration. Must be one of 'provisioned' or 'on_demand'.","description_kind":"plain","optional":true},"value":{"type":"number","description":"The value of the capacity configuration. Must be set when mode is 'provisioned'.","description_kind":"plain","optional":true}},"nesting_mode":"single"},"description":"The capacity configuration for the namespace.","description_kind":"plain","optional":true},"certificate_filters":{"nested_type":{"attributes":{"common_name":{"type":"string","description":"The certificate's common name.","description_kind":"plain","optional":true},"organization":{"type":"string","description":"The certificate's organization.","description_kind":"plain","optional":true},"organizational_unit":{"type":"string","description":"The certificate's organizational unit.","description_kind":"plain","optional":true},"subject_alternative_name":{"type":"string","description":"The certificate's subject alternative name (or SAN).","description_kind":"plain","optional":true}},"nesting_mode":"list"},"description":"A list of filters to apply to client certificates when initiating a connection Temporal Cloud. If present, connections will only be allowed from client certificates whose distinguished name properties match at least one of the filters. Empty lists are not allowed, omit the attribute instead.","description_kind":"plain","optional":true},"codec_server":{"nested_type":{"attributes":{"custom_error_link":{"type":"string","description":"A link displayed alongside the custom error message for the codec server.","description_kind":"plain","optional":true},"custom_error_message":{"type":"string","description":"A custom error message to display when the codec server returns an error.","description_kind":"plain","optional":true},"endpoint":{"type":"string","description":"The endpoint of the codec server. Must begin with \"https\".","description_kind":"plain","required":true},"include_cross_origin_credentials":{"type":"bool","description":"If true, Temporal Cloud will include cross-origin credentials in requests to the codec server.","description_kind":"plain","optional":true,"computed":true},"pass_access_token":{"type":"bool","description":"If true, Temporal Cloud will pass the access token to the codec server upon each request.","description_kind":"plain","optional":true,"computed":true}},"nesting_mode":"single"},"description":"A codec server is used by the Temporal Cloud UI to decode payloads for all users interacting with this namespace, even if the workflow history itself is encrypted.","description_kind":"plain","optional":true},"connectivity_rule_ids":{"type":["set","string"],"description":"The IDs of the connectivity rules for this namespace.","description_kind":"plain","optional":true},"endpoints":{"nested_type":{"attributes":{"grpc_address":{"type":"string","description":"The gRPC address for API key client connections (may be empty if API keys are disabled).","description_kind":"plain","computed":true},"mtls_grpc_address":{"type":"string","description":"The gRPC address for mTLS client connections (may be empty if mTLS is disabled).","description_kind":"plain","computed":true},"web_address":{"type":"string","description":"The address in the Temporal Cloud Web UI for the namespace","description_kind":"plain","computed":true}},"nesting_mode":"single"},"description":"The endpoints for the namespace.","description_kind":"plain","computed":true},"fairness":{"nested_type":{"attributes":{"task_queue_fairness_enabled":{"type":"bool","description":"Flag to enable task queue fairness for the namespace. Defaults to disabled.","description_kind":"plain","optional":true}},"nesting_mode":"single"},"description":"The fairness configuration for the namespace.","description_kind":"plain","optional":true},"id":{"type":"string","description":"The unique identifier of the namespace across all Temporal Cloud tenants.","description_kind":"plain","computed":true},"name":{"type":"string","description":"The name of the namespace. Must be 2-64 characters, start with a letter, contain only lowercase letters, numbers, and hyphens, and not end with a hyphen.","description_kind":"plain","required":true},"namespace_lifecycle":{"nested_type":{"attributes":{"enable_delete_protection":{"type":"bool","description":"If true, the namespace cannot be deleted. This is a safeguard against accidental deletion. To delete a namespace with this option enabled, you must first set it to false.","description_kind":"plain","optional":true,"computed":true}},"nesting_mode":"single"},"description":"The lifecycle configuration for the namespace. Note that this is different from the Terraform resource lifecycle. This controls settings like delete protection within Temporal Cloud.","description_kind":"plain","optional":true},"regions":{"type":["list","string"],"description":"The list of regions where this namespace is available. Must be one or two regions. See https://docs.temporal.io/cloud/regions for a list of available regions and HA options. Note that regions are prefixed with the cloud provider (aws-us-east-1, not us-east-1). If two regions are specified, the namespace will be replicated across them in a high availability (HA) configuration. Same-region, multi-region, and multi-cloud HA namespaces are supported. Please note that changing, adding, or removing regions for an existing namespace is not currently supported and the provider will throw an error. For HA namespaces the provider will ignore order changes on regions, which can happen if the namespace fails over.","description_kind":"plain","required":true},"retention_days":{"type":"number","description":"The number of days to retain workflow history. Any changes to the retention period will be applied to all new running workflows.","description_kind":"plain","required":true}},"block_types":{"timeouts":{"nesting_mode":"single","block":{"attributes":{"create":{"type":"string","description":"A string that can be [parsed as a duration](https://pkg.go.dev/time#ParseDuration) consisting of numbers and unit suffixes, such as \"30s\" or \"2h45m\". Valid time units are \"s\" (seconds), \"m\" (minutes), \"h\" (hours).","description_kind":"plain","optional":true},"delete":{"type":"string","description":"A string that can be [parsed as a duration](https://pkg.go.dev/time#ParseDuration) consisting of numbers and unit suffixes, such as \"30s\" or \"2h45m\". Valid time units are \"s\" (seconds), \"m\" (minutes), \"h\" (hours). Setting a timeout for a Delete operation is only applicable if changes are saved into state before the destroy operation occurs.","description_kind":"plain","optional":true}},"description_kind":"plain"}}},"description":"Provisions a Temporal Cloud namespace. \n\nRegions available in Temporal Cloud: https://docs.temporal.io/cloud/regions. \n\nNote that regions are prefixed with the cloud provider (aws-us-east-1, not us-east-1)","description_kind":"plain"}},"temporalcloud_namespace_export_sink":{"version":0,"block":{"attributes":{"enabled":{"type":"bool","description":"A flag indicating whether the export sink is enabled or not.","description_kind":"plain","optional":true,"computed":true},"gcs":{"nested_type":{"attributes":{"bucket_name":{"type":"string","description":"The name of the destination GCS bucket where Temporal will send data.","description_kind":"plain","required":true},"gcp_project_id":{"type":"string","description":"The GCP project ID associated with the GCS bucket and service account. If not provided, the service_account_email must be provided.","description_kind":"plain","optional":true,"computed":true},"region":{"type":"string","description":"The region of the gcs bucket","description_kind":"plain","required":true},"service_account_email":{"type":"string","description":"The service account email associated with the GCS bucket and service account. If not provided, the service_account_id and gcp_project_id must be provided.","description_kind":"plain","optional":true,"computed":true},"service_account_id":{"type":"string","description":"The customer service account ID that Temporal Cloud impersonates for writing records to the customer's GCS bucket. If not provided, the service_account_email must be provided.","description_kind":"plain","optional":true,"computed":true}},"nesting_mode":"single"},"description":"The GCS configuration details when destination_type is GCS.","description_kind":"plain","optional":true},"id":{"type":"string","description":"The unique identifier of the namespace export sink.","description_kind":"plain","computed":true},"namespace":{"type":"string","description":"The namespace under which the sink is configured, formatted as `\u003cnamespace\u003e.\u003caccount_id\u003e`","description_kind":"plain","required":true},"s3":{"nested_type":{"attributes":{"aws_account_id":{"type":"string","description":"The AWS account ID associated with the S3 bucket and the assumed role.","description_kind":"plain","required":true},"bucket_name":{"type":"string","description":"The name of the destination S3 bucket where Temporal will send data.","description_kind":"plain","required":true},"kms_arn":{"type":"string","description":"The AWS Key Management Service (KMS) ARN used for encryption.","description_kind":"plain","optional":true},"region":{"type":"string","description":"The region where the S3 bucket is located.","description_kind":"plain","required":true},"role_name":{"type":"string","description":"The IAM role that Temporal Cloud assumes for writing records to the customer's S3 bucket.","description_kind":"plain","required":true}},"nesting_mode":"single"},"description":"The S3 configuration details when destination_type is S3.","description_kind":"plain","optional":true},"sink_name":{"type":"string","description":"The unique name of the export sink, it can't be changed once set.","description_kind":"plain","required":true}},"block_types":{"timeouts":{"nesting_mode":"single","block":{"attributes":{"create":{"type":"string","description":"A string that can be [parsed as a duration](https://pkg.go.dev/time#ParseDuration) consisting of numbers and unit suffixes, such as \"30s\" or \"2h45m\". Valid time units are \"s\" (seconds), \"m\" (minutes), \"h\" (hours).","description_kind":"plain","optional":true},"delete":{"type":"string","description":"A string that can be [parsed as a duration](https://pkg.go.dev/time#ParseDuration) consisting of numbers and unit suffixes, such as \"30s\" or \"2h45m\". Valid time units are \"s\" (seconds), \"m\" (minutes), \"h\" (hours). Setting a timeout for a Delete operation is only applicable if changes are saved into state before the destroy operation occurs.","description_kind":"plain","optional":true}},"description_kind":"plain"}}},"description":"Provisions a namespace export sink.","description_kind":"plain"}},"temporalcloud_namespace_search_attribute":{"version":0,"block":{"attributes":{"id":{"type":"string","description":"The ID of this search attribute.","description_kind":"plain","computed":true},"name":{"type":"string","description":"The name of the search attribute.","description_kind":"plain","required":true},"namespace_id":{"type":"string","description":"The ID of the namespace to which this search attribute belongs.","description_kind":"plain","required":true},"type":{"type":"string","description":"The type of the search attribute. Must be one of `bool`, `datetime`, `double`, `int`, `keyword`, `keyword_list` or `text`. (case-insensitive)","description_kind":"plain","required":true}},"description":"Create a [search attribute](https://docs.temporal.io/visibility#search-attribute) in a Temporal Cloud [namespace](https://registry.terraform.io/providers/temporalio/temporalcloud/latest/docs/resources/namespace). Note the limits on [quantity](https://docs.temporal.io/cloud/limits#number-of-custom-search-attributes) and [naming](https://docs.temporal.io/cloud/limits#custom-search-attribute-names).","description_kind":"markdown"}},"temporalcloud_namespace_tags":{"version":0,"block":{"attributes":{"id":{"type":"string","description":"The ID of this namespace tags resource.","description_kind":"plain","computed":true},"namespace_id":{"type":"string","description":"The ID of the namespace to manage tags for.","description_kind":"plain","required":true},"tags":{"type":["map","string"],"description":"A map of tag keys to tag values.","description_kind":"plain","required":true}},"block_types":{"timeouts":{"nesting_mode":"single","block":{"attributes":{"create":{"type":"string","description":"A string that can be [parsed as a duration](https://pkg.go.dev/time#ParseDuration) consisting of numbers and unit suffixes, such as \"30s\" or \"2h45m\". Valid time units are \"s\" (seconds), \"m\" (minutes), \"h\" (hours).","description_kind":"plain","optional":true},"delete":{"type":"string","description":"A string that can be [parsed as a duration](https://pkg.go.dev/time#ParseDuration) consisting of numbers and unit suffixes, such as \"30s\" or \"2h45m\". Valid time units are \"s\" (seconds), \"m\" (minutes), \"h\" (hours). Setting a timeout for a Delete operation is only applicable if changes are saved into state before the destroy operation occurs.","description_kind":"plain","optional":true}},"description_kind":"plain"}}},"description":"Manages the complete set of tags for a Temporal Cloud namespace.","description_kind":"markdown"}},"temporalcloud_nexus_endpoint":{"version":0,"block":{"attributes":{"allowed_caller_namespaces":{"type":["set","string"],"description":"Namespace Id(s) that are allowed to call this Endpoint.","description_kind":"plain","required":true},"description":{"type":"string","description":"The description for the Nexus endpoint.","description_kind":"plain","optional":true,"sensitive":true},"id":{"type":"string","description":"The unique identifier of the Nexus endpoint.","description_kind":"plain","computed":true},"name":{"type":"string","description":"The name of the endpoint. Must be unique within an account and match `^[a-zA-Z][a-zA-Z0-9\\-]*[a-zA-Z0-9]$`","description_kind":"plain","required":true},"worker_target":{"nested_type":{"attributes":{"namespace_id":{"type":"string","description":"The target cloud namespace to route requests to. Namespace must be in same account as the endpoint.","description_kind":"plain","required":true},"task_queue":{"type":"string","description":"The task queue on the cloud namespace to route requests to.","description_kind":"plain","required":true}},"nesting_mode":"single"},"description":"A target spec for routing nexus requests to a specific cloud namespace worker.","description_kind":"plain","required":true}},"block_types":{"timeouts":{"nesting_mode":"single","block":{"attributes":{"create":{"type":"string","description":"A string that can be [parsed as a duration](https://pkg.go.dev/time#ParseDuration) consisting of numbers and unit suffixes, such as \"30s\" or \"2h45m\". Valid time units are \"s\" (seconds), \"m\" (minutes), \"h\" (hours).","description_kind":"plain","optional":true},"delete":{"type":"string","description":"A string that can be [parsed as a duration](https://pkg.go.dev/time#ParseDuration) consisting of numbers and unit suffixes, such as \"30s\" or \"2h45m\". Valid time units are \"s\" (seconds), \"m\" (minutes), \"h\" (hours). Setting a timeout for a Delete operation is only applicable if changes are saved into state before the destroy operation occurs.","description_kind":"plain","optional":true}},"description_kind":"plain"}}},"description":"Provisions a Temporal Cloud Nexus endpoint.","description_kind":"plain"}},"temporalcloud_service_account":{"version":0,"block":{"attributes":{"account_access":{"type":"string","description":"The role on the account. Must be one of admin, developer, read, or metricsread (case-insensitive). Cannot be set if namespace_scoped_access is provided.","description_kind":"plain","optional":true},"account_access_custom_roles":{"type":["set","string"],"description":"The set of custom role IDs assigned within account_access in addition to the built-in account_access role. Empty sets are not allowed, omit the attribute instead. Cannot be set if namespace_scoped_access is provided.","description_kind":"plain","optional":true},"description":{"type":"string","description":"The description for the service account.","description_kind":"plain","optional":true,"computed":true},"id":{"type":"string","description":"The unique identifier of the Service Account.","description_kind":"plain","computed":true},"name":{"type":"string","description":"The name associated with the service account.","description_kind":"plain","required":true},"namespace_accesses":{"nested_type":{"attributes":{"namespace_id":{"type":"string","description":"The namespace to assign permissions to.","description_kind":"plain","required":true},"permission":{"type":"string","description":"The permission to assign. Must be one of admin, write, or read (case-insensitive)","description_kind":"plain","required":true}},"nesting_mode":"set"},"description":"The set of namespace accesses. Empty sets are not allowed, omit the attribute instead. Service Accounts with an account_access role of admin cannot be assigned explicit permissions to namespaces. Admins implicitly receive access to all Namespaces. Cannot be set if namespace_scoped_access is provided.","description_kind":"plain","optional":true},"namespace_scoped_access":{"nested_type":{"attributes":{"namespace_id":{"type":"string","description":"The namespace to scope this service account to. This field is immutable after creation.","description_kind":"plain","required":true},"permission":{"type":"string","description":"The permission to assign. Must be one of admin, write, or read (case-insensitive). This field is mutable.","description_kind":"plain","required":true}},"nesting_mode":"single"},"description":"Configures this service account as a namespace-scoped service account with access to only a single namespace. The namespace assignment is immutable after creation. Cannot be set if account_access, account_access_custom_roles, or namespace_accesses are provided.","description_kind":"plain","optional":true},"state":{"type":"string","description":"The current state of the Service Account.","description_kind":"plain","computed":true}},"block_types":{"timeouts":{"nesting_mode":"single","block":{"attributes":{"create":{"type":"string","description":"A string that can be [parsed as a duration](https://pkg.go.dev/time#ParseDuration) consisting of numbers and unit suffixes, such as \"30s\" or \"2h45m\". Valid time units are \"s\" (seconds), \"m\" (minutes), \"h\" (hours).","description_kind":"plain","optional":true},"delete":{"type":"string","description":"A string that can be [parsed as a duration](https://pkg.go.dev/time#ParseDuration) consisting of numbers and unit suffixes, such as \"30s\" or \"2h45m\". Valid time units are \"s\" (seconds), \"m\" (minutes), \"h\" (hours). Setting a timeout for a Delete operation is only applicable if changes are saved into state before the destroy operation occurs.","description_kind":"plain","optional":true}},"description_kind":"plain"}}},"description":"Provisions a Temporal Cloud Service Account.","description_kind":"plain"}},"temporalcloud_user":{"version":0,"block":{"attributes":{"account_access":{"type":"string","description":"The role on the account. Must be one of `owner`, `admin`, `developer`, `read`, `financeadmin`, or `metricsread` (case-insensitive). `owner` is only valid for import and cannot be created, updated or deleted without Temporal support. `none` is only valid for users managed via SCIM that derive their roles from group memberships.","description_kind":"plain","required":true},"account_access_custom_roles":{"type":["set","string"],"description":"The set of custom role IDs assigned within account_access in addition to the built-in account_access role. Empty sets are not allowed, omit the attribute instead.","description_kind":"plain","optional":true},"email":{"type":"string","description":"The email address for the user.","description_kind":"plain","required":true},"id":{"type":"string","description":"The unique identifier of the user.","description_kind":"plain","computed":true},"namespace_accesses":{"nested_type":{"attributes":{"namespace_id":{"type":"string","description":"The namespace to assign permissions to.","description_kind":"plain","required":true},"permission":{"type":"string","description":"The permission to assign. Must be one of admin, write, or read (case-insensitive)","description_kind":"plain","required":true}},"nesting_mode":"set"},"description":"The set of namespace accesses. Empty sets are not allowed, omit the attribute instead. Users with account_access roles of owner or admin cannot be assigned explicit permissions to namespaces. They implicitly receive access to all Namespaces.","description_kind":"plain","optional":true},"state":{"type":"string","description":"The current state of the user.","description_kind":"plain","computed":true}},"block_types":{"timeouts":{"nesting_mode":"single","block":{"attributes":{"create":{"type":"string","description":"A string that can be [parsed as a duration](https://pkg.go.dev/time#ParseDuration) consisting of numbers and unit suffixes, such as \"30s\" or \"2h45m\". Valid time units are \"s\" (seconds), \"m\" (minutes), \"h\" (hours).","description_kind":"plain","optional":true},"delete":{"type":"string","description":"A string that can be [parsed as a duration](https://pkg.go.dev/time#ParseDuration) consisting of numbers and unit suffixes, such as \"30s\" or \"2h45m\". Valid time units are \"s\" (seconds), \"m\" (minutes), \"h\" (hours). Setting a timeout for a Delete operation is only applicable if changes are saved into state before the destroy operation occurs.","description_kind":"plain","optional":true}},"description_kind":"plain"}}},"description":"Provisions a Temporal Cloud user.","description_kind":"plain"}}},"data_source_schemas":{"temporalcloud_account_audit_log_sink":{"version":0,"block":{"attributes":{"enabled":{"type":"bool","description":"A flag indicating whether the audit log sink is enabled or not.","description_kind":"plain","computed":true},"kinesis":{"nested_type":{"attributes":{"destination_uri":{"type":"string","description":"The destination URI of the Kinesis stream where Temporal will send data.","description_kind":"plain","computed":true},"region":{"type":"string","description":"The region of the Kinesis stream.","description_kind":"plain","computed":true},"role_name":{"type":"string","description":"The IAM role that Temporal Cloud assumes for writing records to the customer's Kinesis stream.","description_kind":"plain","computed":true}},"nesting_mode":"single"},"description":"The Kinesis configuration details when destination_type is Kinesis.","description_kind":"plain","computed":true},"pubsub":{"nested_type":{"attributes":{"gcp_project_id":{"type":"string","description":"The GCP project ID of the PubSub topic and service account.","description_kind":"plain","computed":true},"service_account_email":{"type":"string","description":"The service account email associated with the PubSub topic and service account.","description_kind":"plain","computed":true},"service_account_id":{"type":"string","description":"The customer service account ID that Temporal Cloud impersonates for writing records to the customer's PubSub topic.","description_kind":"plain","computed":true},"topic_name":{"type":"string","description":"The destination PubSub topic name for Temporal.","description_kind":"plain","computed":true}},"nesting_mode":"single"},"description":"The PubSub configuration details when destination_type is PubSub.","description_kind":"plain","computed":true},"sink_name":{"type":"string","description":"The unique name of the audit log sink.","description_kind":"plain","required":true},"state":{"type":"string","description":"The current state of the audit log sink.","description_kind":"plain","computed":true}},"description":"Fetches details about an account audit log sink.","description_kind":"plain"}},"temporalcloud_connectivity_rule":{"version":0,"block":{"attributes":{"connection_id":{"type":"string","description":"The ID of the connection to the connectivity rule.","description_kind":"plain","computed":true},"connectivity_type":{"type":"string","description":"The type of connectivity.","description_kind":"plain","computed":true},"created_at":{"type":"string","description":"The time the connectivity rule was created.","description_kind":"plain","computed":true},"enable_stable_ips":{"type":"bool","description":"If true, namespaces attached to this public connectivity rule are reachable via a predictable set of public IPs. Only set for public connectivity rules.","description_kind":"plain","computed":true},"gcp_project_id":{"type":"string","description":"The GCP project ID of the connectivity rule.","description_kind":"plain","computed":true},"id":{"type":"string","description":"The unique identifier of the connectivity rule across all Temporal Cloud tenants.","description_kind":"plain","required":true},"region":{"type":"string","description":"The region of the connectivity rule.","description_kind":"plain","computed":true},"state":{"type":"string","description":"The current state of the connectivity rule.","description_kind":"plain","computed":true}},"description":"Fetches details about a connectivity rule.","description_kind":"plain"}},"temporalcloud_namespace":{"version":0,"block":{"attributes":{"accepted_client_ca":{"type":"string","description":"The Base64-encoded CA cert in PEM format that clients use when authenticating with Temporal Cloud.","description_kind":"plain","computed":true},"active_region":{"type":"string","description":"The currently active region for the namespace.","description_kind":"plain","computed":true},"api_key_auth":{"type":"bool","description":"If true, Temporal Cloud will use API key authentication for this namespace. If false, mutual TLS (mTLS) authentication will be used.","description_kind":"plain","optional":true},"certificate_filters":{"nested_type":{"attributes":{"common_name":{"type":"string","description":"The certificate's common name.","description_kind":"plain","computed":true},"organization":{"type":"string","description":"The certificate's organization.","description_kind":"plain","computed":true},"organizational_unit":{"type":"string","description":"The certificate's organizational unit.","description_kind":"plain","computed":true},"subject_alternative_name":{"type":"string","description":"The certificate's subject alternative name (or SAN).","description_kind":"plain","computed":true}},"nesting_mode":"list"},"description":"A list of filters to apply to client certificates when initiating a connection Temporal Cloud. If present, connections will only be allowed from client certificates whose distinguished name properties match at least one of the filters.","description_kind":"plain","optional":true,"computed":true},"codec_server":{"nested_type":{"attributes":{"custom_error_link":{"type":"string","description":"A link displayed alongside the custom error message for the codec server.","description_kind":"plain","computed":true},"custom_error_message":{"type":"string","description":"A custom error message to display when the codec server returns an error.","description_kind":"plain","computed":true},"endpoint":{"type":"string","description":"The endpoint of the codec server.","description_kind":"plain","computed":true},"include_cross_origin_credentials":{"type":"bool","description":"If true, Temporal Cloud will include cross-origin credentials in requests to the codec server.","description_kind":"plain","computed":true},"pass_access_token":{"type":"bool","description":"If true, Temporal Cloud will pass the access token to the codec server upon each request.","description_kind":"plain","computed":true}},"nesting_mode":"single"},"description":"A codec server is used by the Temporal Cloud UI to decode payloads for all users interacting with this namespace, even if the workflow history itself is encrypted.","description_kind":"plain","optional":true,"computed":true},"connectivity_rule_ids":{"type":["set","string"],"description":"The IDs of the connectivity rules for this namespace.","description_kind":"plain","optional":true,"computed":true},"created_time":{"type":"string","description":"The date and time when the namespace was created.","description_kind":"plain","computed":true},"custom_search_attributes":{"type":["map","string"],"description":"The custom search attributes to use for the namespace.","description_kind":"plain","optional":true,"computed":true},"endpoints":{"nested_type":{"attributes":{"grpc_address":{"type":"string","description":"The gRPC hostport address that the temporal workers, clients and tctl connect to.","description_kind":"plain","computed":true},"web_address":{"type":"string","description":"The web UI address.","description_kind":"plain","computed":true}},"nesting_mode":"single"},"description":"The endpoints for the namespace.","description_kind":"plain","computed":true},"id":{"type":"string","description":"The unique identifier of the namespace across all Temporal Cloud tenants.","description_kind":"plain","required":true},"last_modified_time":{"type":"string","description":"The date and time when the namespace was last modified. Will not be set if the namespace has never been modified.","description_kind":"plain","optional":true,"computed":true},"limits":{"nested_type":{"attributes":{"actions_per_second_limit":{"type":"number","description":"The number of actions per second (APS) that is currently allowed for the namespace. The namespace may be throttled if its APS exceeds the limit.","description_kind":"plain","computed":true}},"nesting_mode":"single"},"description":"The limits set on the namespace currently.","description_kind":"plain","computed":true},"name":{"type":"string","description":"The name of the namespace.","description_kind":"plain","computed":true},"namespace_lifecycle":{"nested_type":{"attributes":{"enable_delete_protection":{"type":"bool","description":"If true, delete protection is enabled for the namespace. This means that the namespace cannot be deleted until this is set to false.","description_kind":"plain","computed":true}},"nesting_mode":"single"},"description":"The lifecycle settings for the namespace.","description_kind":"plain","computed":true},"private_connectivities":{"nested_type":{"attributes":{"aws_private_link_info":{"nested_type":{"attributes":{"allowed_principal_arns":{"type":["list","string"],"description":"The list of principal arns that are allowed to access the namespace on the private link.","description_kind":"plain","computed":true},"vpc_endpoint_service_names":{"type":["list","string"],"description":"The list of vpc endpoint service names that are associated with the namespace.","description_kind":"plain","computed":true}},"nesting_mode":"single"},"description":"The AWS PrivateLink info. This will only be set for namespaces whose cloud provider is AWS.","description_kind":"plain","optional":true,"computed":true},"region":{"type":"string","description":"The id of the region where the private connectivity applies.","description_kind":"plain","computed":true}},"nesting_mode":"list"},"description":"The private connectivities for the namespace, if any.","description_kind":"plain","optional":true,"computed":true},"regions":{"type":["list","string"],"description":"The list of regions that this namespace is available in. If more than one region is specified, this namespace is a Multi-region Namespace, which is currently unsupported by the Terraform provider.","description_kind":"plain","computed":true},"retention_days":{"type":"number","description":"The number of days to retain workflow history. Any changes to the retention period will be applied to all new running workflows.","description_kind":"plain","computed":true},"state":{"type":"string","description":"The current state of the namespace.","description_kind":"plain","computed":true},"tags":{"type":["map","string"],"description":"The tags for the namespace.","description_kind":"plain","optional":true,"computed":true}},"description":"Fetches details about a Namespace.","description_kind":"plain"}},"temporalcloud_namespaces":{"version":0,"block":{"attributes":{"id":{"type":"string","description_kind":"plain","computed":true},"namespaces":{"nested_type":{"attributes":{"accepted_client_ca":{"type":"string","description":"The Base64-encoded CA cert in PEM format that clients use when authenticating with Temporal Cloud.","description_kind":"plain","computed":true},"active_region":{"type":"string","description":"The currently active region for the namespace.","description_kind":"plain","computed":true},"api_key_auth":{"type":"bool","description":"If true, Temporal Cloud will use API key authentication for this namespace. If false, mutual TLS (mTLS) authentication will be used.","description_kind":"plain","optional":true},"certificate_filters":{"nested_type":{"attributes":{"common_name":{"type":"string","description":"The certificate's common name.","description_kind":"plain","computed":true},"organization":{"type":"string","description":"The certificate's organization.","description_kind":"plain","computed":true},"organizational_unit":{"type":"string","description":"The certificate's organizational unit.","description_kind":"plain","computed":true},"subject_alternative_name":{"type":"string","description":"The certificate's subject alternative name (or SAN).","description_kind":"plain","computed":true}},"nesting_mode":"list"},"description":"A list of filters to apply to client certificates when initiating a connection Temporal Cloud. If present, connections will only be allowed from client certificates whose distinguished name properties match at least one of the filters.","description_kind":"plain","optional":true,"computed":true},"codec_server":{"nested_type":{"attributes":{"custom_error_link":{"type":"string","description":"A link displayed alongside the custom error message for the codec server.","description_kind":"plain","computed":true},"custom_error_message":{"type":"string","description":"A custom error message to display when the codec server returns an error.","description_kind":"plain","computed":true},"endpoint":{"type":"string","description":"The endpoint of the codec server.","description_kind":"plain","computed":true},"include_cross_origin_credentials":{"type":"bool","description":"If true, Temporal Cloud will include cross-origin credentials in requests to the codec server.","description_kind":"plain","computed":true},"pass_access_token":{"type":"bool","description":"If true, Temporal Cloud will pass the access token to the codec server upon each request.","description_kind":"plain","computed":true}},"nesting_mode":"single"},"description":"A codec server is used by the Temporal Cloud UI to decode payloads for all users interacting with this namespace, even if the workflow history itself is encrypted.","description_kind":"plain","optional":true,"computed":true},"connectivity_rule_ids":{"type":["set","string"],"description":"The IDs of the connectivity rules for this namespace.","description_kind":"plain","optional":true,"computed":true},"created_time":{"type":"string","description":"The date and time when the namespace was created.","description_kind":"plain","computed":true},"custom_search_attributes":{"type":["map","string"],"description":"The custom search attributes to use for the namespace.","description_kind":"plain","optional":true,"computed":true},"endpoints":{"nested_type":{"attributes":{"grpc_address":{"type":"string","description":"The gRPC hostport address that the temporal workers, clients and tctl connect to.","description_kind":"plain","computed":true},"web_address":{"type":"string","description":"The web UI address.","description_kind":"plain","computed":true}},"nesting_mode":"single"},"description":"The endpoints for the namespace.","description_kind":"plain","computed":true},"id":{"type":"string","description":"The unique identifier of the namespace across all Temporal Cloud tenants.","description_kind":"plain","computed":true},"last_modified_time":{"type":"string","description":"The date and time when the namespace was last modified. Will not be set if the namespace has never been modified.","description_kind":"plain","optional":true,"computed":true},"limits":{"nested_type":{"attributes":{"actions_per_second_limit":{"type":"number","description":"The number of actions per second (APS) that is currently allowed for the namespace. The namespace may be throttled if its APS exceeds the limit.","description_kind":"plain","computed":true}},"nesting_mode":"single"},"description":"The limits set on the namespace currently.","description_kind":"plain","computed":true},"name":{"type":"string","description":"The name of the namespace.","description_kind":"plain","computed":true},"namespace_lifecycle":{"nested_type":{"attributes":{"enable_delete_protection":{"type":"bool","description":"If true, delete protection is enabled for the namespace. This means that the namespace cannot be deleted until this is set to false.","description_kind":"plain","computed":true}},"nesting_mode":"single"},"description":"The lifecycle settings for the namespace.","description_kind":"plain","computed":true},"private_connectivities":{"nested_type":{"attributes":{"aws_private_link_info":{"nested_type":{"attributes":{"allowed_principal_arns":{"type":["list","string"],"description":"The list of principal arns that are allowed to access the namespace on the private link.","description_kind":"plain","computed":true},"vpc_endpoint_service_names":{"type":["list","string"],"description":"The list of vpc endpoint service names that are associated with the namespace.","description_kind":"plain","computed":true}},"nesting_mode":"single"},"description":"The AWS PrivateLink info. This will only be set for namespaces whose cloud provider is AWS.","description_kind":"plain","optional":true,"computed":true},"region":{"type":"string","description":"The id of the region where the private connectivity applies.","description_kind":"plain","computed":true}},"nesting_mode":"list"},"description":"The private connectivities for the namespace, if any.","description_kind":"plain","optional":true,"computed":true},"regions":{"type":["list","string"],"description":"The list of regions that this namespace is available in. If more than one region is specified, this namespace is a Multi-region Namespace, which is currently unsupported by the Terraform provider.","description_kind":"plain","computed":true},"retention_days":{"type":"number","description":"The number of days to retain workflow history. Any changes to the retention period will be applied to all new running workflows.","description_kind":"plain","computed":true},"state":{"type":"string","description":"The current state of the namespace.","description_kind":"plain","computed":true},"tags":{"type":["map","string"],"description":"The tags for the namespace.","description_kind":"plain","optional":true,"computed":true}},"nesting_mode":"list"},"description_kind":"plain","computed":true}},"description":"Fetches details about all Namespaces.","description_kind":"plain"}},"temporalcloud_nexus_endpoint":{"version":0,"block":{"attributes":{"allowed_caller_namespaces":{"type":["set","string"],"description":"Namespace Id(s) that are allowed to call this Endpoint.","description_kind":"plain","computed":true},"created_at":{"type":"string","description":"The creation time of the Nexus Endpoint.","description_kind":"plain","computed":true},"description":{"type":"string","description":"The description of the Nexus Endpoint.","description_kind":"plain","optional":true,"computed":true,"sensitive":true},"id":{"type":"string","description":"The unique identifier of the Nexus Endpoint.","description_kind":"plain","required":true},"name":{"type":"string","description":"The name of the endpoint. Unique within an account and match `^[a-zA-Z][a-zA-Z0-9\\-]*[a-zA-Z0-9]$`","description_kind":"plain","computed":true},"state":{"type":"string","description":"The current state of the Nexus Endpoint.","description_kind":"plain","computed":true},"updated_at":{"type":"string","description":"The last update time of the Nexus Endpoint.","description_kind":"plain","computed":true},"worker_target":{"nested_type":{"attributes":{"namespace_id":{"type":"string","description":"The target cloud namespace to route requests to. Namespace is in same account as the endpoint.","description_kind":"plain","computed":true},"task_queue":{"type":"string","description":"The task queue on the cloud namespace to route requests to.","description_kind":"plain","computed":true}},"nesting_mode":"single"},"description":"The target spec for routing nexus requests to a specific cloud namespace worker.","description_kind":"plain","computed":true}},"description":"Fetches details about a Nexus Endpoint.","description_kind":"plain"}},"temporalcloud_nexus_endpoints":{"version":0,"block":{"attributes":{"id":{"type":"string","description":"The unique identifier of the Nexus Endpoints data source.","description_kind":"plain","computed":true},"nexus_endpoints":{"nested_type":{"attributes":{"allowed_caller_namespaces":{"type":["set","string"],"description":"Namespace Id(s) that are allowed to call this Endpoint.","description_kind":"plain","computed":true},"created_at":{"type":"string","description":"The creation time of the Nexus Endpoint.","description_kind":"plain","computed":true},"description":{"type":"string","description":"The description of the Nexus Endpoint.","description_kind":"plain","optional":true,"computed":true,"sensitive":true},"id":{"type":"string","description":"The unique identifier of the Nexus Endpoint.","description_kind":"plain","computed":true},"name":{"type":"string","description":"The name of the endpoint. Unique within an account and match `^[a-zA-Z][a-zA-Z0-9\\-]*[a-zA-Z0-9]$`","description_kind":"plain","computed":true},"state":{"type":"string","description":"The current state of the Nexus Endpoint.","description_kind":"plain","computed":true},"updated_at":{"type":"string","description":"The last update time of the Nexus Endpoint.","description_kind":"plain","computed":true},"worker_target":{"nested_type":{"attributes":{"namespace_id":{"type":"string","description":"The target cloud namespace to route requests to. Namespace is in same account as the endpoint.","description_kind":"plain","computed":true},"task_queue":{"type":"string","description":"The task queue on the cloud namespace to route requests to.","description_kind":"plain","computed":true}},"nesting_mode":"single"},"description":"The target spec for routing nexus requests to a specific cloud namespace worker.","description_kind":"plain","computed":true}},"nesting_mode":"list"},"description":"The list of Nexus Endpoints.","description_kind":"plain","computed":true}},"description":"Fetches details about all Nexus Endpoints.","description_kind":"plain"}},"temporalcloud_regions":{"version":0,"block":{"attributes":{"id":{"type":"string","description_kind":"plain","computed":true},"regions":{"nested_type":{"attributes":{"cloud_provider":{"type":"string","description":"The name of the Cloud provider for this region, e.g. `aws`.","description_kind":"plain","computed":true},"cloud_provider_region":{"type":"string","description":"The name of the region within the Cloud provider, e.g. `us-east-1`.","description_kind":"plain","computed":true},"id":{"type":"string","description":"The unique identifier for the region, e.g. `aws-us-east-1`.","description_kind":"plain","computed":true},"location":{"type":"string","description":"The physical location of the region, e.g. \"US East (N. Virginia)\".","description_kind":"plain","computed":true}},"nesting_mode":"list"},"description_kind":"plain","computed":true}},"description_kind":"plain"}},"temporalcloud_scim_group":{"version":0,"block":{"attributes":{"id":{"type":"string","description":"The ID of the SCIM group.","description_kind":"plain","computed":true},"idp_id":{"type":"string","description":"The IDP ID of the SCIM group.","description_kind":"plain","required":true},"name":{"type":"string","description":"The name of the SCIM group.","description_kind":"plain","computed":true}},"description":"Fetches details about a SCIM group.","description_kind":"plain"}},"temporalcloud_service_account":{"version":0,"block":{"attributes":{"account_access":{"type":"string","description":"The role on the account. Must be one of admin, developer, read, or metricsread (case-insensitive).","description_kind":"plain","computed":true},"account_access_custom_roles":{"type":["set","string"],"description":"The set of custom role IDs assigned within account_access in addition to the built-in account_access role. Empty sets are not allowed, omit the attribute instead.","description_kind":"plain","computed":true},"created_at":{"type":"string","description":"The creation time of the Service Account.","description_kind":"plain","computed":true},"description":{"type":"string","description":"The description of the Service Account.","description_kind":"plain","computed":true},"id":{"type":"string","description":"The unique identifier of the Service Account.","description_kind":"plain","required":true},"name":{"type":"string","description":"The name associated with the service account.","description_kind":"plain","computed":true},"namespace_accesses":{"nested_type":{"attributes":{"namespace_id":{"type":"string","description":"The namespace to assign permissions to.","description_kind":"plain","computed":true},"permission":{"type":"string","description":"The permission to assign. Must be one of admin, write, or read (case-insensitive).","description_kind":"plain","computed":true}},"nesting_mode":"set"},"description":"The set of namespace permissions for this service account, including each namespace and its role.","description_kind":"plain","optional":true,"computed":true},"namespace_scoped_access":{"nested_type":{"attributes":{"namespace_id":{"type":"string","description":"The namespace this service account is scoped to.","description_kind":"plain","computed":true},"permission":{"type":"string","description":"The permission to assign. Must be one of admin, write, or read (case-insensitive).","description_kind":"plain","computed":true}},"nesting_mode":"single"},"description":"The namespace-scoped access configuration for this service account.","description_kind":"plain","computed":true},"state":{"type":"string","description":"The current state of the Service Account.","description_kind":"plain","computed":true},"updated_at":{"type":"string","description":"The last update time of the Service Account.","description_kind":"plain","computed":true}},"description":"Fetches details about a Service Account.","description_kind":"plain"}},"temporalcloud_service_accounts":{"version":0,"block":{"attributes":{"id":{"type":"string","description":"The unique identifier of the Service Accounts data source.","description_kind":"plain","computed":true},"service_accounts":{"nested_type":{"attributes":{"account_access":{"type":"string","description":"The role on the account. Must be one of admin, developer, read, or metricsread (case-insensitive).","description_kind":"plain","computed":true},"account_access_custom_roles":{"type":["set","string"],"description":"The set of custom role IDs assigned within account_access in addition to the built-in account_access role. Empty sets are not allowed, omit the attribute instead.","description_kind":"plain","computed":true},"created_at":{"type":"string","description":"The creation time of the Service Account.","description_kind":"plain","computed":true},"description":{"type":"string","description":"The description of the Service Account.","description_kind":"plain","computed":true},"id":{"type":"string","description":"The unique identifier of the Service Account.","description_kind":"plain","computed":true},"name":{"type":"string","description":"The name associated with the service account.","description_kind":"plain","computed":true},"namespace_accesses":{"nested_type":{"attributes":{"namespace_id":{"type":"string","description":"The namespace to assign permissions to.","description_kind":"plain","computed":true},"permission":{"type":"string","description":"The permission to assign. Must be one of admin, write, or read (case-insensitive).","description_kind":"plain","computed":true}},"nesting_mode":"set"},"description":"The set of namespace permissions for this service account, including each namespace and its role.","description_kind":"plain","optional":true,"computed":true},"namespace_scoped_access":{"nested_type":{"attributes":{"namespace_id":{"type":"string","description":"The namespace this service account is scoped to.","description_kind":"plain","computed":true},"permission":{"type":"string","description":"The permission to assign. Must be one of admin, write, or read (case-insensitive).","description_kind":"plain","computed":true}},"nesting_mode":"single"},"description":"The namespace-scoped access configuration for this service account.","description_kind":"plain","computed":true},"state":{"type":"string","description":"The current state of the Service Account.","description_kind":"plain","computed":true},"updated_at":{"type":"string","description":"The last update time of the Service Account.","description_kind":"plain","computed":true}},"nesting_mode":"list"},"description":"The list of Service Accounts.","description_kind":"plain","computed":true}},"description":"Fetches details about all Service Accounts.","description_kind":"plain"}},"temporalcloud_user":{"version":0,"block":{"attributes":{"account_access":{"type":"string","description":"The role on the account. Must be one of admin, developer, or read (case-insensitive).","description_kind":"plain","computed":true},"account_access_custom_roles":{"type":["set","string"],"description":"The set of custom role IDs assigned within account_access in addition to the built-in account_access role. Empty sets are not allowed, omit the attribute instead.","description_kind":"plain","computed":true},"created_at":{"type":"string","description":"The creation time of the User.","description_kind":"plain","computed":true},"email":{"type":"string","description":"The email of the User.","description_kind":"plain","computed":true},"id":{"type":"string","description":"The unique identifier of the User.","description_kind":"plain","required":true},"namespace_accesses":{"nested_type":{"attributes":{"namespace_id":{"type":"string","description":"The namespace to assign permissions to.","description_kind":"plain","computed":true},"permission":{"type":"string","description":"The permission to assign. Must be one of admin, write, or read (case-insensitive)","description_kind":"plain","computed":true}},"nesting_mode":"set"},"description":"The set of namespace permissions for this user, including each namespace and its role.","description_kind":"plain","optional":true,"computed":true},"state":{"type":"string","description":"The current state of the User.","description_kind":"plain","computed":true},"updated_at":{"type":"string","description":"The last update time of the User.","description_kind":"plain","computed":true}},"description":"Fetches details about a User.","description_kind":"plain"}},"temporalcloud_users":{"version":0,"block":{"attributes":{"id":{"type":"string","description":"The unique identifier of the Users data source.","description_kind":"plain","computed":true},"users":{"nested_type":{"attributes":{"account_access":{"type":"string","description":"The role on the account. Must be one of admin, developer, or read (case-insensitive).","description_kind":"plain","computed":true},"account_access_custom_roles":{"type":["set","string"],"description":"The set of custom role IDs assigned within account_access in addition to the built-in account_access role. Empty sets are not allowed, omit the attribute instead.","description_kind":"plain","computed":true},"created_at":{"type":"string","description":"The creation time of the User.","description_kind":"plain","computed":true},"email":{"type":"string","description":"The email of the User.","description_kind":"plain","computed":true},"id":{"type":"string","description":"The unique identifier of the User.","description_kind":"plain","computed":true},"namespace_accesses":{"nested_type":{"attributes":{"namespace_id":{"type":"string","description":"The namespace to assign permissions to.","description_kind":"plain","computed":true},"permission":{"type":"string","description":"The permission to assign. Must be one of admin, write, or read (case-insensitive)","description_kind":"plain","computed":true}},"nesting_mode":"set"},"description":"The set of namespace permissions for this user, including each namespace and its role.","description_kind":"plain","optional":true,"computed":true},"state":{"type":"string","description":"The current state of the User.","description_kind":"plain","computed":true},"updated_at":{"type":"string","description":"The last update time of the User.","description_kind":"plain","computed":true}},"nesting_mode":"list"},"description":"The list of Users.","description_kind":"plain","computed":true}},"description":"Fetches details about all Users.","description_kind":"plain"}}}}}}
